PODS:
  - Alamofire (3.1.0)
  - ARChromeActivity (1.0.5)
  - Cartography (0.6.0)
  - DZNEmptyDataSet (1.7.2)
  - Hex (3.0.0)
  - JSQMessagesViewController (7.2.0):
    - JSQSystemSoundPlayer (~> 2.0.1)
  - JSQSystemSoundPlayer (2.0.1)
  - KINWebBrowser (1.3.2):
    - ARChromeActivity (= 1.0.5)
    - TUSafariActivity (= 1.0.4)
  - MagicalRecord (2.3.0)
  - ReactiveCocoa (4.0.4-alpha-1):
    - ReactiveCocoa/UI (= 4.0.4-alpha-1)
    - Result (~> 0.6-beta.1)
  - ReactiveCocoa/Core (4.0.4-alpha-1):
    - ReactiveCocoa/no-arc
    - Result (~> 0.6-beta.1)
  - ReactiveCocoa/no-arc (4.0.4-alpha-1):
    - Result (~> 0.6-beta.1)
  - ReactiveCocoa/UI (4.0.4-alpha-1):
    - ReactiveCocoa/Core
    - Result (~> 0.6-beta.1)
  - Result (0.6.0-beta.6)
  - SDWebImage (3.7.3):
    - SDWebImage/Core (= 3.7.3)
  - SDWebImage/Core (3.7.3)
  - SwiftyJSON (2.3.1)
  - TUSafariActivity (1.0.4)
  - XCGLogger (3.0)

DEPENDENCIES:
  - Alamofire
  - Cartography (~> 0.6)
  - DZNEmptyDataSet (~> 1.7)
  - Hex
  - JSQMessagesViewController
  - KINWebBrowser (~> 1.3)
  - MagicalRecord
  - ReactiveCocoa (= 4.0.4-alpha-1)
  - SDWebImage
  - SwiftyJSON
  - XCGLogger (~> 3.0)

SPEC CHECKSUMS:
  Alamofire: 415bd7f56197722978759078486689f7ef913dce
  ARChromeActivity: 821c7849b566f49583987468733a896fee35aa4d
  Cartography: 70af183a248547694a8cfaa6b989cb7e04589985
  DZNEmptyDataSet: 0ec00bfc230d7450997b60c127afdd0b9f24f3b6
  Hex: ee430da9c4412d9196366ae5327f279021dc03eb
  JSQMessagesViewController: 73cab48aa92fc2d512f3b6724f3425cc47a19eb5
  JSQSystemSoundPlayer: c5850e77a4363ffd374cd851154b9af93264ed8d
  KINWebBrowser: 27aa857a2aa39063ed102cca781d130b679d205f
  MagicalRecord: 89eb7d7ead39fb37f01c3d010665ee94d17f8dba
  ReactiveCocoa: 618a2fc13d4ed80e380aa6fa56547cef43c7341d
  Result: dc390d0b58f9ec43fcd536f1ebdd130803cc6cbc
  SDWebImage: 1d2b1a1efda1ade1b00b6f8498865f8ddedc8a84
  SwiftyJSON: 592b53bee5ef3dd9b3bebc6b9cb7ee35426ae8c3
  TUSafariActivity: afc55a00965377939107ce4fdc7f951f62454546
  XCGLogger: 5802533aff8bafc8b3b9776ab8972576f31d0a4e

COCOAPODS: 0.39.0
