// !$*UTF8*$!
{
	archiveVersion = 1;
	classes = {
	};
	objectVersion = 46;
	objects = {

/* Begin PBXBuildFile section */
		09634E521B877B5800500007 /* AppDelegate.swift in Sources */ = {isa = PBXBuildFile; fileRef = 09634E511B877B5800500007 /* AppDelegate.swift */; };
		09634E551B877B5800500007 /* messenger.xcdatamodeld in Sources */ = {isa = PBXBuildFile; fileRef = 09634E531B877B5800500007 /* messenger.xcdatamodeld */; };
		09634E571B877B5800500007 /* ViewController.swift in Sources */ = {isa = PBXBuildFile; fileRef = 09634E561B877B5800500007 /* ViewController.swift */; };
		09634E5A1B877B5800500007 /* Main.storyboard in Resources */ = {isa = PBXBuildFile; fileRef = 09634E581B877B5800500007 /* Main.storyboard */; };
		09634E5C1B877B5800500007 /* Images.xcassets in Resources */ = {isa = PBXBuildFile; fileRef = 09634E5B1B877B5800500007 /* Images.xcassets */; };
		09634E5F1B877B5800500007 /* LaunchScreen.xib in Resources */ = {isa = PBXBuildFile; fileRef = 09634E5D1B877B5800500007 /* LaunchScreen.xib */; };
		09634E6B1B877B5800500007 /* messengerTests.swift in Sources */ = {isa = PBXBuildFile; fileRef = 09634E6A1B877B5800500007 /* messengerTests.swift */; };
/* End PBXBuildFile section */

/* Begin PBXContainerItemProxy section */
		09634E651B877B5800500007 /* PBXContainerItemProxy */ = {
			isa = PBXContainerItemProxy;
			containerPortal = 09634E441B877B5800500007 /* Project object */;
			proxyType = 1;
			remoteGlobalIDString = 09634E4B1B877B5800500007;
			remoteInfo = messenger;
		};
/* End PBXContainerItemProxy section */

/* Begin PBXFileReference section */
		09634E4C1B877B5800500007 /* messenger.app */ = {isa = PBXFileReference; explicitFileType = wrapper.application; includeInIndex = 0; path = messenger.app; sourceTree = BUILT_PRODUCTS_DIR; };
		09634E501B877B5800500007 /* Info.plist */ = {isa = PBXFileReference; lastKnownFileType = text.plist.xml; path = Info.plist; sourceTree = "<group>"; };
		09634E511B877B5800500007 /* AppDelegate.swift */ = {isa = PBXFileReference; lastKnownFileType = sourcecode.swift; path = AppDelegate.swift; sourceTree = "<group>"; };
		09634E541B877B5800500007 /* messenger.xcdatamodel */ = {isa = PBXFileReference; lastKnownFileType = wrapper.xcdatamodel; path = messenger.xcdatamodel; sourceTree = "<group>"; };
		09634E561B877B5800500007 /* ViewController.swift */ = {isa = PBXFileReference; lastKnownFileType = sourcecode.swift; path = ViewController.swift; sourceTree = "<group>"; };
		09634E591B877B5800500007 /* Base */ = {isa = PBXFileReference; lastKnownFileType = file.storyboard; name = Base; path = Base.lproj/Main.storyboard; sourceTree = "<group>"; };
		09634E5B1B877B5800500007 /* Images.xcassets */ = {isa = PBXFileReference; lastKnownFileType = folder.assetcatalog; path = Images.xcassets; sourceTree = "<group>"; };
		09634E5E1B877B5800500007 /* Base */ = {isa = PBXFileReference; lastKnownFileType = file.xib; name = Base; path = Base.lproj/LaunchScreen.xib; sourceTree = "<group>"; };
		09634E641B877B5800500007 /* messengerTests.xctest */ = {isa = PBXFileReference; explicitFileType = wrapper.cfbundle; includeInIndex = 0; path = messengerTests.xctest; sourceTree = BUILT_PRODUCTS_DIR; };
		09634E691B877B5800500007 /* Info.plist */ = {isa = PBXFileReference; lastKnownFileType = text.plist.xml; path = Info.plist; sourceTree = "<group>"; };
		09634E6A1B877B5800500007 /* messengerTests.swift */ = {isa = PBXFileReference; lastKnownFileType = sourcecode.swift; path = messengerTests.swift; sourceTree = "<group>"; };
/* End PBXFileReference section */

/* Begin PBXFrameworksBuildPhase section */
		09634E491B877B5800500007 /* Frameworks */ = {
			isa = PBXFrameworksBuildPhase;
			buildActionMask = 2147483647;
			files = (
			);
			runOnlyForDeploymentPostprocessing = 0;
		};
		09634E611B877B5800500007 /* Frameworks */ = {
			isa = PBXFrameworksBuildPhase;
			buildActionMask = 2147483647;
			files = (
			);
			runOnlyForDeploymentPostprocessing = 0;
		};
/* End PBXFrameworksBuildPhase section */

/* Begin PBXGroup section */
		09634E431B877B5800500007 = {
			isa = PBXGroup;
			children = (
				09634E4E1B877B5800500007 /* messenger */,
				09634E671B877B5800500007 /* messengerTests */,
				09634E4D1B877B5800500007 /* Products */,
			);
			sourceTree = "<group>";
		};
		09634E4D1B877B5800500007 /* Products */ = {
			isa = PBXGroup;
			children = (
				09634E4C1B877B5800500007 /* messenger.app */,
				09634E641B877B5800500007 /* messengerTests.xctest */,
			);
			name = Products;
			sourceTree = "<group>";
		};
		09634E4E1B877B5800500007 /* messenger */ = {
			isa = PBXGroup;
			children = (
				09634E511B877B5800500007 /* AppDelegate.swift */,
				09634E561B877B5800500007 /* ViewController.swift */,
				09634E581B877B5800500007 /* Main.storyboard */,
				09634E5B1B877B5800500007 /* Images.xcassets */,
				09634E5D1B877B5800500007 /* LaunchScreen.xib */,
				09634E531B877B5800500007 /* messenger.xcdatamodeld */,
				09634E4F1B877B5800500007 /* Supporting Files */,
			);
			path = messenger;
			sourceTree = "<group>";
		};
		09634E4F1B877B5800500007 /* Supporting Files */ = {
			isa = PBXGroup;
			children = (
				09634E501B877B5800500007 /* Info.plist */,
			);
			name = "Supporting Files";
			sourceTree = "<group>";
		};
		09634E671B877B5800500007 /* messengerTests */ = {
			isa = PBXGroup;
			children = (
				09634E6A1B877B5800500007 /* messengerTests.swift */,
				09634E681B877B5800500007 /* Supporting Files */,
			);
			path = messengerTests;
			sourceTree = "<group>";
		};
		09634E681B877B5800500007 /* Supporting Files */ = {
			isa = PBXGroup;
			children = (
				09634E691B877B5800500007 /* Info.plist */,
			);
			name = "Supporting Files";
			sourceTree = "<group>";
		};
/* End PBXGroup section */

/* Begin PBXNativeTarget section */
		09634E4B1B877B5800500007 /* messenger */ = {
			isa = PBXNativeTarget;
			buildConfigurationList = 09634E6E1B877B5800500007 /* Build configuration list for PBXNativeTarget "messenger" */;
			buildPhases = (
				09634E481B877B5800500007 /* Sources */,
				09634E491B877B5800500007 /* Frameworks */,
				09634E4A1B877B5800500007 /* Resources */,
			);
			buildRules = (
			);
			dependencies = (
			);
			name = messenger;
			productName = messenger;
			productReference = 09634E4C1B877B5800500007 /* messenger.app */;
			productType = "com.apple.product-type.application";
		};
		09634E631B877B5800500007 /* messengerTests */ = {
			isa = PBXNativeTarget;
			buildConfigurationList = 09634E711B877B5800500007 /* Build configuration list for PBXNativeTarget "messengerTests" */;
			buildPhases = (
				09634E601B877B5800500007 /* Sources */,
				09634E611B877B5800500007 /* Frameworks */,
				09634E621B877B5800500007 /* Resources */,
			);
			buildRules = (
			);
			dependencies = (
				09634E661B877B5800500007 /* PBXTargetDependency */,
			);
			name = messengerTests;
			productName = messengerTests;
			productReference = 09634E641B877B5800500007 /* messengerTests.xctest */;
			productType = "com.apple.product-type.bundle.unit-test";
		};
/* End PBXNativeTarget section */

/* Begin PBXProject section */
		09634E441B877B5800500007 /* Project object */ = {
			isa = PBXProject;
			attributes = {
				LastUpgradeCheck = 0640;
				ORGANIZATIONNAME = Zaph;
				TargetAttributes = {
					09634E4B1B877B5800500007 = {
						CreatedOnToolsVersion = 6.4;
					};
					09634E631B877B5800500007 = {
						CreatedOnToolsVersion = 6.4;
						TestTargetID = 09634E4B1B877B5800500007;
					};
				};
			};
			buildConfigurationList = 09634E471B877B5800500007 /* Build configuration list for PBXProject "messenger" */;
			compatibilityVersion = "Xcode 3.2";
			developmentRegion = English;
			hasScannedForEncodings = 0;
			knownRegions = (
				en,
				Base,
			);
			mainGroup = 09634E431B877B5800500007;
			productRefGroup = 09634E4D1B877B5800500007 /* Products */;
			projectDirPath = "";
			projectRoot = "";
			targets = (
				09634E4B1B877B5800500007 /* messenger */,
				09634E631B877B5800500007 /* messengerTests */,
			);
		};
/* End PBXProject section */

/* Begin PBXResourcesBuildPhase section */
		09634E4A1B877B5800500007 /* Resources */ = {
			isa = PBXResourcesBuildPhase;
			buildActionMask = 2147483647;
			files = (
				09634E5A1B877B5800500007 /* Main.storyboard in Resources */,
				09634E5F1B877B5800500007 /* LaunchScreen.xib in Resources */,
				09634E5C1B877B5800500007 /* Images.xcassets in Resources */,
			);
			runOnlyForDeploymentPostprocessing = 0;
		};
		09634E621B877B5800500007 /* Resources */ = {
			isa = PBXResourcesBuildPhase;
			buildActionMask = 2147483647;
			files = (
			);
			runOnlyForDeploymentPostprocessing = 0;
		};
/* End PBXResourcesBuildPhase section */

/* Begin PBXSourcesBuildPhase section */
		09634E481B877B5800500007 /* Sources */ = {
			isa = PBXSourcesBuildPhase;
			buildActionMask = 2147483647;
			files = (
				09634E571B877B5800500007 /* ViewController.swift in Sources */,
				09634E521B877B5800500007 /* AppDelegate.swift in Sources */,
				09634E551B877B5800500007 /* messenger.xcdatamodeld in Sources */,
			);
			runOnlyForDeploymentPostprocessing = 0;
		};
		09634E601B877B5800500007 /* Sources */ = {
			isa = PBXSourcesBuildPhase;
			buildActionMask = 2147483647;
			files = (
				09634E6B1B877B5800500007 /* messengerTests.swift in Sources */,
			);
			runOnlyForDeploymentPostprocessing = 0;
		};
/* End PBXSourcesBuildPhase section */

/* Begin PBXTargetDependency section */
		09634E661B877B5800500007 /* PBXTargetDependency */ = {
			isa = PBXTargetDependency;
			target = 09634E4B1B877B5800500007 /* messenger */;
			targetProxy = 09634E651B877B5800500007 /* PBXContainerItemProxy */;
		};
/* End PBXTargetDependency section */

/* Begin PBXVariantGroup section */
		09634E581B877B5800500007 /* Main.storyboard */ = {
			isa = PBXVariantGroup;
			children = (
				09634E591B877B5800500007 /* Base */,
			);
			name = Main.storyboard;
			sourceTree = "<group>";
		};
		09634E5D1B877B5800500007 /* LaunchScreen.xib */ = {
			isa = PBXVariantGroup;
			children = (
				09634E5E1B877B5800500007 /* Base */,
			);
			name = LaunchScreen.xib;
			sourceTree = "<group>";
		};
/* End PBXVariantGroup section */

/* Begin XCBuildConfiguration section */
		09634E6C1B877B5800500007 /* Debug */ = {
			isa = XCBuildConfiguration;
			buildSettings = {
				ALWAYS_SEARCH_USER_PATHS = NO;
				CLANG_CXX_LANGUAGE_STANDARD = "gnu++0x";
				CLANG_CXX_LIBRARY = "libc++";
				CLANG_ENABLE_MODULES = YES;
				CLANG_ENABLE_OBJC_ARC = YES;
				CLANG_WARN_BOOL_CONVERSION = YES;
				CLANG_WARN_CONSTANT_CONVERSION = YES;
				CLANG_WARN_DIRECT_OBJC_ISA_USAGE = YES_ERROR;
				CLANG_WARN_EMPTY_BODY = YES;
				CLANG_WARN_ENUM_CONVERSION = YES;
				CLANG_WARN_INT_CONVERSION = YES;
				CLANG_WARN_OBJC_ROOT_CLASS = YES_ERROR;
				CLANG_WARN_UNREACHABLE_CODE = YES;
				CLANG_WARN__DUPLICATE_METHOD_MATCH = YES;
				"CODE_SIGN_IDENTITY[sdk=iphoneos*]" = "iPhone Developer";
				COPY_PHASE_STRIP = NO;
				DEBUG_INFORMATION_FORMAT = "dwarf-with-dsym";
				ENABLE_STRICT_OBJC_MSGSEND = YES;
				GCC_C_LANGUAGE_STANDARD = gnu99;
				GCC_DYNAMIC_NO_PIC = NO;
				GCC_NO_COMMON_BLOCKS = YES;
				GCC_OPTIMIZATION_LEVEL = 0;
				GCC_PREPROCESSOR_DEFINITIONS = (
					"DEBUG=1",
					"$(inherited)",
				);
				GCC_SYMBOLS_PRIVATE_EXTERN = NO;
				GCC_WARN_64_TO_32_BIT_CONVERSION = YES;
				GCC_WARN_ABOUT_RETURN_TYPE = YES_ERROR;
				GCC_WARN_UNDECLARED_SELECTOR = YES;
				GCC_WARN_UNINITIALIZED_AUTOS = YES_AGGRESSIVE;
				GCC_WARN_UNUSED_FUNCTION = YES;
				GCC_WARN_UNUSED_VARIABLE = YES;
				IPHONEOS_DEPLOYMENT_TARGET = 8.4;
				MTL_ENABLE_DEBUG_INFO = YES;
				ONLY_ACTIVE_ARCH = YES;
				SDKROOT = iphoneos;
				SWIFT_OPTIMIZATION_LEVEL = "-Onone";
			};
			name = Debug;
		};
		09634E6D1B877B5800500007 /* Release */ = {
			isa = XCBuildConfiguration;
			buildSettings = {
				ALWAYS_SEARCH_USER_PATHS = NO;
				CLANG_CXX_LANGUAGE_STANDARD = "gnu++0x";
				CLANG_CXX_LIBRARY = "libc++";
				CLANG_ENABLE_MODULES = YES;
				CLANG_ENABLE_OBJC_ARC = YES;
				CLANG_WARN_BOOL_CONVERSION = YES;
				CLANG_WARN_CONSTANT_CONVERSION = YES;
				CLANG_WARN_DIRECT_OBJC_ISA_USAGE = YES_ERROR;
				CLANG_WARN_EMPTY_BODY = YES;
				CLANG_WARN_ENUM_CONVERSION = YES;
				CLANG_WARN_INT_CONVERSION = YES;
				CLANG_WARN_OBJC_ROOT_CLASS = YES_ERROR;
				CLANG_WARN_UNREACHABLE_CODE = YES;
				CLANG_WARN__DUPLICATE_METHOD_MATCH = YES;
				"CODE_SIGN_IDENTITY[sdk=iphoneos*]" = "iPhone Developer";
				COPY_PHASE_STRIP = NO;
				DEBUG_INFORMATION_FORMAT = "dwarf-with-dsym";
				ENABLE_NS_ASSERTIONS = NO;
				ENABLE_STRICT_OBJC_MSGSEND = YES;
				GCC_C_LANGUAGE_STANDARD = gnu99;
				GCC_NO_COMMON_BLOCKS = YES;
				GCC_WARN_64_TO_32_BIT_CONVERSION = YES;
				GCC_WARN_ABOUT_RETURN_TYPE = YES_ERROR;
				GCC_WARN_UNDECLARED_SELECTOR = YES;
				GCC_WARN_UNINITIALIZED_AUTOS = YES_AGGRESSIVE;
				GCC_WARN_UNUSED_FUNCTION = YES;
				GCC_WARN_UNUSED_VARIABLE = YES;
				IPHONEOS_DEPLOYMENT_TARGET = 8.4;
				MTL_ENABLE_DEBUG_INFO = NO;
				SDKROOT = iphoneos;
				VALIDATE_PRODUCT = YES;
			};
			name = Release;
		};
		09634E6F1B877B5800500007 /* Debug */ = {
			isa = XCBuildConfiguration;
			buildSettings = {
				ASSETCATALOG_COMPILER_APPICON_NAME = AppIcon;
				INFOPLIST_FILE = messenger/Info.plist;
				LD_RUNPATH_SEARCH_PATHS = "$(inherited) @executable_path/Frameworks";
				PRODUCT_NAME = "$(TARGET_NAME)";
			};
			name = Debug;
		};
		09634E701B877B5800500007 /* Release */ = {
			isa = XCBuildConfiguration;
			buildSettings = {
				ASSETCATALOG_COMPILER_APPICON_NAME = AppIcon;
				INFOPLIST_FILE = messenger/Info.plist;
				LD_RUNPATH_SEARCH_PATHS = "$(inherited) @executable_path/Frameworks";
				PRODUCT_NAME = "$(TARGET_NAME)";
			};
			name = Release;
		};
		09634E721B877B5800500007 /* Debug */ = {
			isa = XCBuildConfiguration;
			buildSettings = {
				BUNDLE_LOADER = "$(TEST_HOST)";
				FRAMEWORK_SEARCH_PATHS = (
					"$(SDKROOT)/Developer/Library/Frameworks",
					"$(inherited)",
				);
				GCC_PREPROCESSOR_DEFINITIONS = (
					"DEBUG=1",
					"$(inherited)",
				);
				INFOPLIST_FILE = messengerTests/Info.plist;
				LD_RUNPATH_SEARCH_PATHS = "$(inherited) @executable_path/Frameworks @loader_path/Frameworks";
				PRODUCT_NAME = "$(TARGET_NAME)";
				TEST_HOST = "$(BUILT_PRODUCTS_DIR)/messenger.app/messenger";
			};
			name = Debug;
		};
		09634E731B877B5800500007 /* Release */ = {
			isa = XCBuildConfiguration;
			buildSettings = {
				BUNDLE_LOADER = "$(TEST_HOST)";
				FRAMEWORK_SEARCH_PATHS = (
					"$(SDKROOT)/Developer/Library/Frameworks",
					"$(inherited)",
				);
				INFOPLIST_FILE = messengerTests/Info.plist;
				LD_RUNPATH_SEARCH_PATHS = "$(inherited) @executable_path/Frameworks @loader_path/Frameworks";
				PRODUCT_NAME = "$(TARGET_NAME)";
				TEST_HOST = "$(BUILT_PRODUCTS_DIR)/messenger.app/messenger";
			};
			name = Release;
		};
/* End XCBuildConfiguration section */

/* Begin XCConfigurationList section */
		09634E471B877B5800500007 /* Build configuration list for PBXProject "messenger" */ = {
			isa = XCConfigurationList;
			buildConfigurations = (
				09634E6C1B877B5800500007 /* Debug */,
				09634E6D1B877B5800500007 /* Release */,
			);
			defaultConfigurationIsVisible = 0;
			defaultConfigurationName = Release;
		};
		09634E6E1B877B5800500007 /* Build configuration list for PBXNativeTarget "messenger" */ = {
			isa = XCConfigurationList;
			buildConfigurations = (
				09634E6F1B877B5800500007 /* Debug */,
				09634E701B877B5800500007 /* Release */,
			);
			defaultConfigurationIsVisible = 0;
		};
		09634E711B877B5800500007 /* Build configuration list for PBXNativeTarget "messengerTests" */ = {
			isa = XCConfigurationList;
			buildConfigurations = (
				09634E721B877B5800500007 /* Debug */,
				09634E731B877B5800500007 /* Release */,
			);
			defaultConfigurationIsVisible = 0;
		};
/* End XCConfigurationList section */

/* Begin XCVersionGroup section */
		09634E531B877B5800500007 /* messenger.xcdatamodeld */ = {
			isa = XCVersionGroup;
			children = (
				09634E541B877B5800500007 /* messenger.xcdatamodel */,
			);
			currentVersion = 09634E541B877B5800500007 /* messenger.xcdatamodel */;
			path = messenger.xcdatamodeld;
			sourceTree = "<group>";
			versionGroupType = wrapper.xcdatamodel;
		};
/* End XCVersionGroup section */
	};
	rootObject = 09634E441B877B5800500007 /* Project object */;
}
